
Microsoft Visual Studio Solution File, Format Version 12.00
# Visual Studio Version 17
VisualStudioVersion = 17.3.32929.385
MinimumVisualStudioVersion = 10.0.40219.1
Project("{FAE04EC0-301F-11D3-BF4B-00C04F79EFBC}") = "EditImage", "EditImage\EditImage.csproj", "{8419B647-2287-4643-BEDC-7DF7121ADDDA}"
EndProject
Global
	GlobalSection(SolutionConfigurationPlatforms) = preSolution
		Debug|Any CPU = Debug|Any CPU
		Release|Any CPU = Release|Any CPU
	EndGlobalSection
	GlobalSection(ProjectConfigurationPlatforms) = postSolution
		{8419B647-2287-4643-BEDC-7DF7121ADDDA}.Debug|Any CPU.ActiveCfg = Debug|Any CPU
		{8419B647-2287-4643-BEDC-7DF7121ADDDA}.Debug|Any CPU.Build.0 = Debug|Any CPU
		{8419B647-2287-4643-BEDC-7DF7121ADDDA}.Release|Any CPU.ActiveCfg = Release|Any CPU
		{8419B647-2287-4643-BEDC-7DF7121ADDDA}.Release|Any CPU.Build.0 = Release|Any CPU
	EndGlobalSection
	GlobalSection(SolutionProperties) = preSolution
		HideSolutionNode = FALSE
	EndGlobalSection
	GlobalSection(ExtensibilityGlobals) = postSolution
		SolutionGuid = {A74D635E-00B9-4198-8797-76BCD9B5EFBA}
	EndGlobalSection
EndGlobal
